
Microsoft Visual Studio Solution File, Format Version 12.00
# Visual Studio Version 17
VisualStudioVersion = 17.9.34902.65
MinimumVisualStudioVersion = 10.0.40219.1
Project("{FAE04EC0-301F-11D3-BF4B-00C04F79EFBC}") = "Clase Interfaz", "Clase Interfaz.csproj", "{4900F587-AF90-4894-84F2-61BA8DC8D135}"
EndProject
Global
	GlobalSection(SolutionConfigurationPlatforms) = preSolution
		Debug|Any CPU = Debug|Any CPU
		Release|Any CPU = Release|Any CPU
	EndGlobalSection
	GlobalSection(ProjectConfigurationPlatforms) = postSolution
		{4900F587-AF90-4894-84F2-61BA8DC8D135}.Debug|Any CPU.ActiveCfg = Debug|Any CPU
		{4900F587-AF90-4894-84F2-61BA8DC8D135}.Debug|Any CPU.Build.0 = Debug|Any CPU
		{4900F587-AF90-4894-84F2-61BA8DC8D135}.Release|Any CPU.ActiveCfg = Release|Any CPU
		{4900F587-AF90-4894-84F2-61BA8DC8D135}.Release|Any CPU.Build.0 = Release|Any CPU
	EndGlobalSection
	GlobalSection(SolutionProperties) = preSolution
		HideSolutionNode = FALSE
	EndGlobalSection
	GlobalSection(ExtensibilityGlobals) = postSolution
		SolutionGuid = {E2B9E623-6DDC-409E-B2D7-93EF65ED7FF2}
	EndGlobalSection
EndGlobal
